
Microsoft Visual Studio Solution File, Format Version 12.00
# Visual Studio Version 17
VisualStudioVersion = 17.5.33516.290
MinimumVisualStudioVersion = 10.0.40219.1
Project("{E24C65DC-7377-472B-9ABA-BC803B73C61A}") = "CT-CRM", ".", "{97C561E6-90DD-4886-B086-98ABAB35F821}"
	ProjectSection(WebsiteProperties) = preProject
		TargetFrameworkMoniker = ".NETFramework,Version%3Dv4.8.1"
		Debug.AspNetCompiler.VirtualPath = "/localhost_51563"
		Debug.AspNetCompiler.PhysicalPath = "..\CT-CRM\"
		Debug.AspNetCompiler.TargetPath = "PrecompiledWeb\localhost_51563\"
		Debug.AspNetCompiler.Updateable = "true"
		Debug.AspNetCompiler.ForceOverwrite = "true"
		Debug.AspNetCompiler.FixedNames = "false"
		Debug.AspNetCompiler.Debug = "True"
		Release.AspNetCompiler.VirtualPath = "/localhost_51563"
		Release.AspNetCompiler.PhysicalPath = "..\CT-CRM\"
		Release.AspNetCompiler.TargetPath = "PrecompiledWeb\localhost_51563\"
		Release.AspNetCompiler.Updateable = "true"
		Release.AspNetCompiler.ForceOverwrite = "true"
		Release.AspNetCompiler.FixedNames = "false"
		Release.AspNetCompiler.Debug = "False"
		VWDPort = "51563"
		SlnRelativePath = "..\CT-CRM\"
	EndProjectSection
EndProject
Global
	GlobalSection(SolutionConfigurationPlatforms) = preSolution
		Debug|Any CPU = Debug|Any CPU
		Release|Any CPU = Release|Any CPU
	EndGlobalSection
	GlobalSection(ProjectConfigurationPlatforms) = postSolution
		{97C561E6-90DD-4886-B086-98ABAB35F821}.Debug|Any CPU.ActiveCfg = Debug|Any CPU
		{97C561E6-90DD-4886-B086-98ABAB35F821}.Debug|Any CPU.Build.0 = Debug|Any CPU
		{97C561E6-90DD-4886-B086-98ABAB35F821}.Release|Any CPU.ActiveCfg = Debug|Any CPU
		{97C561E6-90DD-4886-B086-98ABAB35F821}.Release|Any CPU.Build.0 = Debug|Any CPU
	EndGlobalSection
	GlobalSection(SolutionProperties) = preSolution
		HideSolutionNode = FALSE
	EndGlobalSection
	GlobalSection(ExtensibilityGlobals) = postSolution
		SolutionGuid = {C4EA016E-4210-4BAB-BC56-CDF9EB28AAE5}
	EndGlobalSection
EndGlobal
